// !$*UTF8*$!
{
	archiveVersion = 1;
	classes = {
	};
	objectVersion = 50;
	objects = {

/* Begin PBXBuildFile section */
		9756898920CCF5F600FA1779 /* AppDelegate.swift in Sources */ = {isa = PBXBuildFile; fileRef = 9756898820CCF5F600FA1779 /* AppDelegate.swift */; };
		9756898B20CCF5F600FA1779 /* ViewController.swift in Sources */ = {isa = PBXBuildFile; fileRef = 9756898A20CCF5F600FA1779 /* ViewController.swift */; };
		9756898E20CCF5F600FA1779 /* Main.storyboard in Resources */ = {isa = PBXBuildFile; fileRef = 9756898C20CCF5F600FA1779 /* Main.storyboard */; };
		9756899020CCF60400FA1779 /* Assets.xcassets in Resources */ = {isa = PBXBuildFile; fileRef = 9756898F20CCF60400FA1779 /* Assets.xcassets */; };
		9756899320CCF60400FA1779 /* LaunchScreen.storyboard in Resources */ = {isa = PBXBuildFile; fileRef = 9756899120CCF60400FA1779 /* LaunchScreen.storyboard */; };
		9799344B210548D2007CDE33 /* DetailViewController.swift in Sources */ = {isa = PBXBuildFile; fileRef = 9799344A210548D2007CDE33 /* DetailViewController.swift */; };
		9799344D210548F2007CDE33 /* MainViewController.swift in Sources */ = {isa = PBXBuildFile; fileRef = 9799344C210548F2007CDE33 /* MainViewController.swift */; };
/* End PBXBuildFile section */

/* Begin PBXFileReference section */
		9756898520CCF5F600FA1779 /* StaticLibTest.app */ = {isa = PBXFileReference; explicitFileType = wrapper.application; includeInIndex = 0; path = StaticLibTest.app; sourceTree = BUILT_PRODUCTS_DIR; };
		9756898820CCF5F600FA1779 /* AppDelegate.swift */ = {isa = PBXFileReference; lastKnownFileType = sourcecode.swift; path = AppDelegate.swift; sourceTree = "<group>"; };
		9756898A20CCF5F600FA1779 /* ViewController.swift */ = {isa = PBXFileReference; lastKnownFileType = sourcecode.swift; path = ViewController.swift; sourceTree = "<group>"; };
		9756898D20CCF5F600FA1779 /* Base */ = {isa = PBXFileReference; lastKnownFileType = file.storyboard; name = Base; path = Base.lproj/Main.storyboard; sourceTree = "<group>"; };
		9756898F20CCF60400FA1779 /* Assets.xcassets */ = {isa = PBXFileReference; lastKnownFileType = folder.assetcatalog; path = Assets.xcassets; sourceTree = "<group>"; };
		9756899220CCF60400FA1779 /* Base */ = {isa = PBXFileReference; lastKnownFileType = file.storyboard; name = Base; path = Base.lproj/LaunchScreen.storyboard; sourceTree = "<group>"; };
		9756899420CCF60400FA1779 /* Info.plist */ = {isa = PBXFileReference; lastKnownFileType = text.plist.xml; path = Info.plist; sourceTree = "<group>"; };
		9799344A210548D2007CDE33 /* DetailViewController.swift */ = {isa = PBXFileReference; lastKnownFileType = sourcecode.swift; path = DetailViewController.swift; sourceTree = "<group>"; };
		9799344C210548F2007CDE33 /* MainViewController.swift */ = {isa = PBXFileReference; lastKnownFileType = sourcecode.swift; path = MainViewController.swift; sourceTree = "<group>"; };
/* End PBXFileReference section */

/* Begin PBXFrameworksBuildPhase section */
		9756898220CCF5F600FA1779 /* Frameworks */ = {
			isa = PBXFrameworksBuildPhase;
			buildActionMask = 2147483647;
			files = (
			);
			runOnlyForDeploymentPostprocessing = 0;
		};
/* End PBXFrameworksBuildPhase section */

/* Begin PBXGroup section */
		9756897C20CCF5F600FA1779 = {
			isa = PBXGroup;
			children = (
				9756898720CCF5F600FA1779 /* StaticLibTest */,
				9756898620CCF5F600FA1779 /* Products */,
			);
			sourceTree = "<group>";
		};
		9756898620CCF5F600FA1779 /* Products */ = {
			isa = PBXGroup;
			children = (
				9756898520CCF5F600FA1779 /* StaticLibTest.app */,
			);
			name = Products;
			sourceTree = "<group>";
		};
		9756898720CCF5F600FA1779 /* StaticLibTest */ = {
			isa = PBXGroup;
			children = (
				9756898820CCF5F600FA1779 /* AppDelegate.swift */,
				9756898A20CCF5F600FA1779 /* ViewController.swift */,
				9756898C20CCF5F600FA1779 /* Main.storyboard */,
				9799344A210548D2007CDE33 /* DetailViewController.swift */,
				9799344C210548F2007CDE33 /* MainViewController.swift */,
				9756898F20CCF60400FA1779 /* Assets.xcassets */,
				9756899120CCF60400FA1779 /* LaunchScreen.storyboard */,
				9756899420CCF60400FA1779 /* Info.plist */,
			);
			path = StaticLibTest;
			sourceTree = "<group>";
		};
/* End PBXGroup section */

/* Begin PBXNativeTarget section */
		9756898420CCF5F600FA1779 /* StaticLibTest */ = {
			isa = PBXNativeTarget;
			buildConfigurationList = 9756899720CCF60400FA1779 /* Build configuration list for PBXNativeTarget "StaticLibTest" */;
			buildPhases = (
				9756898120CCF5F600FA1779 /* Sources */,
				9756898220CCF5F600FA1779 /* Frameworks */,
				9756898320CCF5F600FA1779 /* Resources */,
			);
			buildRules = (
			);
			dependencies = (
			);
			name = StaticLibTest;
			productName = StaticLibTest;
			productReference = 9756898520CCF5F600FA1779 /* StaticLibTest.app */;
			productType = "com.apple.product-type.application";
		};
/* End PBXNativeTarget section */

/* Begin PBXProject section */
		9756897D20CCF5F600FA1779 /* Project object */ = {
			isa = PBXProject;
			attributes = {
				LastSwiftUpdateCheck = 0940;
				LastUpgradeCheck = 0940;
				ORGANIZATIONNAME = Chandramani;
				TargetAttributes = {
					9756898420CCF5F600FA1779 = {
						CreatedOnToolsVersion = 9.4;
					};
				};
			};
			buildConfigurationList = 9756898020CCF5F600FA1779 /* Build configuration list for PBXProject "StaticLibTest" */;
			compatibilityVersion = "Xcode 9.3";
			developmentRegion = en;
			hasScannedForEncodings = 0;
			knownRegions = (
				en,
				Base,
			);
			mainGroup = 9756897C20CCF5F600FA1779;
			productRefGroup = 9756898620CCF5F600FA1779 /* Products */;
			projectDirPath = "";
			projectRoot = "";
			targets = (
				9756898420CCF5F600FA1779 /* StaticLibTest */,
			);
		};
/* End PBXProject section */

/* Begin PBXResourcesBuildPhase section */
		9756898320CCF5F600FA1779 /* Resources */ = {
			isa = PBXResourcesBuildPhase;
			buildActionMask = 2147483647;
			files = (
				9756899320CCF60400FA1779 /* LaunchScreen.storyboard in Resources */,
				9756899020CCF60400FA1779 /* Assets.xcassets in Resources */,
				9756898E20CCF5F600FA1779 /* Main.storyboard in Resources */,
			);
			runOnlyForDeploymentPostprocessing = 0;
		};
/* End PBXResourcesBuildPhase section */

/* Begin PBXSourcesBuildPhase section */
		9756898120CCF5F600FA1779 /* Sources */ = {
			isa = PBXSourcesBuildPhase;
			buildActionMask = 2147483647;
			files = (
				9799344B210548D2007CDE33 /* DetailViewController.swift in Sources */,
				9756898B20CCF5F600FA1779 /* ViewController.swift in Sources */,
				9756898920CCF5F600FA1779 /* AppDelegate.swift in Sources */,
				9799344D210548F2007CDE33 /* MainViewController.swift in Sources */,
			);
			runOnlyForDeploymentPostprocessing = 0;
		};
/* End PBXSourcesBuildPhase section */

/* Begin PBXVariantGroup section */
		9756898C20CCF5F600FA1779 /* Main.storyboard */ = {
			isa = PBXVariantGroup;
			children = (
				9756898D20CCF5F600FA1779 /* Base */,
			);
			name = Main.storyboard;
			sourceTree = "<group>";
		};
		9756899120CCF60400FA1779 /* LaunchScreen.storyboard */ = {
			isa = PBXVariantGroup;
			children = (
				9756899220CCF60400FA1779 /* Base */,
			);
			name = LaunchScreen.storyboard;
			sourceTree = "<group>";
		};
/* End PBXVariantGroup section */

/* Begin XCBuildConfiguration section */
		9756899520CCF60400FA1779 /* Debug */ = {
			isa = XCBuildConfiguration;
			buildSettings = {
				ALWAYS_SEARCH_USER_PATHS = NO;
				CLANG_ANALYZER_NONNULL = YES;
				CLANG_ANALYZER_NUMBER_OBJECT_CONVERSION = YES_AGGRESSIVE;
				CLANG_CXX_LANGUAGE_STANDARD = "gnu++14";
				CLANG_CXX_LIBRARY = "libc++";
				CLANG_ENABLE_MODULES = YES;
				CLANG_ENABLE_OBJC_ARC = YES;
				CLANG_ENABLE_OBJC_WEAK = YES;
				CLANG_WARN_BLOCK_CAPTURE_AUTORELEASING = YES;
				CLANG_WARN_BOOL_CONVERSION = YES;
				CLANG_WARN_COMMA = YES;
				CLANG_WARN_CONSTANT_CONVERSION = YES;
				CLANG_WARN_DEPRECATED_OBJC_IMPLEMENTATIONS = YES;
				CLANG_WARN_DIRECT_OBJC_ISA_USAGE = YES_ERROR;
				CLANG_WARN_DOCUMENTATION_COMMENTS = YES;
				CLANG_WARN_EMPTY_BODY = YES;
				CLANG_WARN_ENUM_CONVERSION = YES;
				CLANG_WARN_INFINITE_RECURSION = YES;
				CLANG_WARN_INT_CONVERSION = YES;
				CLANG_WARN_NON_LITERAL_NULL_CONVERSION = YES;
				CLANG_WARN_OBJC_IMPLICIT_RETAIN_SELF = YES;
				CLANG_WARN_OBJC_LITERAL_CONVERSION = YES;
				CLANG_WARN_OBJC_ROOT_CLASS = YES_ERROR;
				CLANG_WARN_RANGE_LOOP_ANALYSIS = YES;
				CLANG_WARN_STRICT_PROTOTYPES = YES;
				CLANG_WARN_SUSPICIOUS_MOVE = YES;
				CLANG_WARN_UNGUARDED_AVAILABILITY = YES_AGGRESSIVE;
				CLANG_WARN_UNREACHABLE_CODE = YES;
				CLANG_WARN__DUPLICATE_METHOD_MATCH = YES;
				CODE_SIGN_IDENTITY = "iPhone Developer";
				COPY_PHASE_STRIP = NO;
				DEBUG_INFORMATION_FORMAT = dwarf;
				ENABLE_STRICT_OBJC_MSGSEND = YES;
				ENABLE_TESTABILITY = YES;
				GCC_C_LANGUAGE_STANDARD = gnu11;
				GCC_DYNAMIC_NO_PIC = NO;
				GCC_NO_COMMON_BLOCKS = YES;
				GCC_OPTIMIZATION_LEVEL = 0;
				GCC_PREPROCESSOR_DEFINITIONS = (
					"DEBUG=1",
					"$(inherited)",
				);
				GCC_WARN_64_TO_32_BIT_CONVERSION = YES;
				GCC_WARN_ABOUT_RETURN_TYPE = YES_ERROR;
				GCC_WARN_UNDECLARED_SELECTOR = YES;
				GCC_WARN_UNINITIALIZED_AUTOS = YES_AGGRESSIVE;
				GCC_WARN_UNUSED_FUNCTION = YES;
				GCC_WARN_UNUSED_VARIABLE = YES;
				IPHONEOS_DEPLOYMENT_TARGET = 11.4;
				MTL_ENABLE_DEBUG_INFO = YES;
				ONLY_ACTIVE_ARCH = YES;
				SDKROOT = iphoneos;
				SWIFT_ACTIVE_COMPILATION_CONDITIONS = DEBUG;
				SWIFT_OPTIMIZATION_LEVEL = "-Onone";
			};
			name = Debug;
		};
		9756899620CCF60400FA1779 /* Release */ = {
			isa = XCBuildConfiguration;
			buildSettings = {
				ALWAYS_SEARCH_USER_PATHS = NO;
				CLANG_ANALYZER_NONNULL = YES;
				CLANG_ANALYZER_NUMBER_OBJECT_CONVERSION = YES_AGGRESSIVE;
				CLANG_CXX_LANGUAGE_STANDARD = "gnu++14";
				CLANG_CXX_LIBRARY = "libc++";
				CLANG_ENABLE_MODULES = YES;
				CLANG_ENABLE_OBJC_ARC = YES;
				CLANG_ENABLE_OBJC_WEAK = YES;
				CLANG_WARN_BLOCK_CAPTURE_AUTORELEASING = YES;
				CLANG_WARN_BOOL_CONVERSION = YES;
				CLANG_WARN_COMMA = YES;
				CLANG_WARN_CONSTANT_CONVERSION = YES;
				CLANG_WARN_DEPRECATED_OBJC_IMPLEMENTATIONS = YES;
				CLANG_WARN_DIRECT_OBJC_ISA_USAGE = YES_ERROR;
				CLANG_WARN_DOCUMENTATION_COMMENTS = YES;
				CLANG_WARN_EMPTY_BODY = YES;
				CLANG_WARN_ENUM_CONVERSION = YES;
				CLANG_WARN_INFINITE_RECURSION = YES;
				CLANG_WARN_INT_CONVERSION = YES;
				CLANG_WARN_NON_LITERAL_NULL_CONVERSION = YES;
				CLANG_WARN_OBJC_IMPLICIT_RETAIN_SELF = YES;
				CLANG_WARN_OBJC_LITERAL_CONVERSION = YES;
				CLANG_WARN_OBJC_ROOT_CLASS = YES_ERROR;
				CLANG_WARN_RANGE_LOOP_ANALYSIS = YES;
				CLANG_WARN_STRICT_PROTOTYPES = YES;
				CLANG_WARN_SUSPICIOUS_MOVE = YES;
				CLANG_WARN_UNGUARDED_AVAILABILITY = YES_AGGRESSIVE;
				CLANG_WARN_UNREACHABLE_CODE = YES;
				CLANG_WARN__DUPLICATE_METHOD_MATCH = YES;
				CODE_SIGN_IDENTITY = "iPhone Developer";
				COPY_PHASE_STRIP = NO;
				DEBUG_INFORMATION_FORMAT = "dwarf-with-dsym";
				ENABLE_NS_ASSERTIONS = NO;
				ENABLE_STRICT_OBJC_MSGSEND = YES;
				GCC_C_LANGUAGE_STANDARD = gnu11;
				GCC_NO_COMMON_BLOCKS = YES;
				GCC_WARN_64_TO_32_BIT_CONVERSION = YES;
				GCC_WARN_ABOUT_RETURN_TYPE = YES_ERROR;
				GCC_WARN_UNDECLARED_SELECTOR = YES;
				GCC_WARN_UNINITIALIZED_AUTOS = YES_AGGRESSIVE;
				GCC_WARN_UNUSED_FUNCTION = YES;
				GCC_WARN_UNUSED_VARIABLE = YES;
				IPHONEOS_DEPLOYMENT_TARGET = 11.4;
				MTL_ENABLE_DEBUG_INFO = NO;
				SDKROOT = iphoneos;
				SWIFT_COMPILATION_MODE = wholemodule;
				SWIFT_OPTIMIZATION_LEVEL = "-O";
				VALIDATE_PRODUCT = YES;
			};
			name = Release;
		};
		9756899820CCF60400FA1779 /* Debug */ = {
			isa = XCBuildConfiguration;
			buildSettings = {
				ASSETCATALOG_COMPILER_APPICON_NAME = AppIcon;
				CODE_SIGN_STYLE = Automatic;
				INFOPLIST_FILE = StaticLibTest/Info.plist;
				LD_RUNPATH_SEARCH_PATHS = (
					"$(inherited)",
					"@executable_path/Frameworks",
				);
				PRODUCT_BUNDLE_IDENTIFIER = com.Chandramani.StaticLibTest;
				PRODUCT_NAME = "$(TARGET_NAME)";
				SWIFT_VERSION = 4.0;
				TARGETED_DEVICE_FAMILY = "1,2";
			};
			name = Debug;
		};
		9756899920CCF60400FA1779 /* Release */ = {
			isa = XCBuildConfiguration;
			buildSettings = {
				ASSETCATALOG_COMPILER_APPICON_NAME = AppIcon;
				CODE_SIGN_STYLE = Automatic;
				INFOPLIST_FILE = StaticLibTest/Info.plist;
				LD_RUNPATH_SEARCH_PATHS = (
					"$(inherited)",
					"@executable_path/Frameworks",
				);
				PRODUCT_BUNDLE_IDENTIFIER = com.Chandramani.StaticLibTest;
				PRODUCT_NAME = "$(TARGET_NAME)";
				SWIFT_VERSION = 4.0;
				TARGETED_DEVICE_FAMILY = "1,2";
			};
			name = Release;
		};
/* End XCBuildConfiguration section */

/* Begin XCConfigurationList section */
		9756898020CCF5F600FA1779 /* Build configuration list for PBXProject "StaticLibTest" */ = {
			isa = XCConfigurationList;
			buildConfigurations = (
				9756899520CCF60400FA1779 /* Debug */,
				9756899620CCF60400FA1779 /* Release */,
			);
			defaultConfigurationIsVisible = 0;
			defaultConfigurationName = Release;
		};
		9756899720CCF60400FA1779 /* Build configuration list for PBXNativeTarget "StaticLibTest" */ = {
			isa = XCConfigurationList;
			buildConfigurations = (
				9756899820CCF60400FA1779 /* Debug */,
				9756899920CCF60400FA1779 /* Release */,
			);
			defaultConfigurationIsVisible = 0;
			defaultConfigurationName = Release;
		};
/* End XCConfigurationList section */
	};
	rootObject = 9756897D20CCF5F600FA1779 /* Project object */;
}
